
Microsoft Visual Studio Solution File, Format Version 12.00
# Visual Studio Version 17
VisualStudioVersion = 17.11.35219.272
MinimumVisualStudioVersion = 10.0.40219.1
Project("{FAE04EC0-301F-11D3-BF4B-00C04F79EFBC}") = "Criptografia", "Criptografia.csproj", "{EA70B753-CF27-4040-9441-E0E3A6BF197E}"
EndProject
Global
	GlobalSection(SolutionConfigurationPlatforms) = preSolution
		Debug|Any CPU = Debug|Any CPU
		Release|Any CPU = Release|Any CPU
	EndGlobalSection
	GlobalSection(ProjectConfigurationPlatforms) = postSolution
		{EA70B753-CF27-4040-9441-E0E3A6BF197E}.Debug|Any CPU.ActiveCfg = Debug|Any CPU
		{EA70B753-CF27-4040-9441-E0E3A6BF197E}.Debug|Any CPU.Build.0 = Debug|Any CPU
		{EA70B753-CF27-4040-9441-E0E3A6BF197E}.Release|Any CPU.ActiveCfg = Release|Any CPU
		{EA70B753-CF27-4040-9441-E0E3A6BF197E}.Release|Any CPU.Build.0 = Release|Any CPU
	EndGlobalSection
	GlobalSection(SolutionProperties) = preSolution
		HideSolutionNode = FALSE
	EndGlobalSection
	GlobalSection(ExtensibilityGlobals) = postSolution
		SolutionGuid = {3A3B01B3-E456-41E0-835A-D1D662EB22DC}
	EndGlobalSection
EndGlobal
